
Microsoft Visual Studio Solution File, Format Version 12.00
# Visual Studio Version 17
VisualStudioVersion = 17.10.35013.160
MinimumVisualStudioVersion = 10.0.40219.1
Project("{9A19103F-16F7-4668-BE54-9A1E7A4F7556}") = "TodoSQLite", "TodoSQLite.csproj", "{439EEC5E-FCA2-45A5-B79C-957F304ACFBD}"
EndProject
Global
	GlobalSection(SolutionConfigurationPlatforms) = preSolution
		Debug|Any CPU = Debug|Any CPU
		Release|Any CPU = Release|Any CPU
	EndGlobalSection
	GlobalSection(ProjectConfigurationPlatforms) = postSolution
		{439EEC5E-FCA2-45A5-B79C-957F304ACFBD}.Debug|Any CPU.ActiveCfg = Debug|Any CPU
		{439EEC5E-FCA2-45A5-B79C-957F304ACFBD}.Debug|Any CPU.Build.0 = Debug|Any CPU
		{439EEC5E-FCA2-45A5-B79C-957F304ACFBD}.Debug|Any CPU.Deploy.0 = Debug|Any CPU
		{439EEC5E-FCA2-45A5-B79C-957F304ACFBD}.Release|Any CPU.ActiveCfg = Debug|Any CPU
		{439EEC5E-FCA2-45A5-B79C-957F304ACFBD}.Release|Any CPU.Build.0 = Debug|Any CPU
		{439EEC5E-FCA2-45A5-B79C-957F304ACFBD}.Release|Any CPU.Deploy.0 = Debug|Any CPU
	EndGlobalSection
	GlobalSection(SolutionProperties) = preSolution
		HideSolutionNode = FALSE
	EndGlobalSection
	GlobalSection(ExtensibilityGlobals) = postSolution
		SolutionGuid = {6134CC59-A804-48B6-B6E3-28E2AD668221}
	EndGlobalSection
EndGlobal
